// !$*UTF8*$!
{
	archiveVersion = 1;
	classes = {
	};
	objectVersion = 48;
	objects = {

/* Begin PBXBuildFile section */
		C32F57502009AA5C00A8A11A /* AppDelegate.swift in Sources */ = {isa = PBXBuildFile; fileRef = C32F574F2009AA5C00A8A11A /* AppDelegate.swift */; };
		C32F57522009AA5C00A8A11A /* ViewController.swift in Sources */ = {isa = PBXBuildFile; fileRef = C32F57512009AA5C00A8A11A /* ViewController.swift */; };
		C32F57552009AA5C00A8A11A /* Main.storyboard in Resources */ = {isa = PBXBuildFile; fileRef = C32F57532009AA5C00A8A11A /* Main.storyboard */; };
		C32F57572009AA5C00A8A11A /* Assets.xcassets in Resources */ = {isa = PBXBuildFile; fileRef = C32F57562009AA5C00A8A11A /* Assets.xcassets */; };
		C32F575A2009AA5C00A8A11A /* LaunchScreen.storyboard in Resources */ = {isa = PBXBuildFile; fileRef = C32F57582009AA5C00A8A11A /* LaunchScreen.storyboard */; };
		C32F57652009AA5D00A8A11A /* NYTBooksTests.swift in Sources */ = {isa = PBXBuildFile; fileRef = C32F57642009AA5D00A8A11A /* NYTBooksTests.swift */; };
		C32F57702009AA5D00A8A11A /* NYTBooksUITests.swift in Sources */ = {isa = PBXBuildFile; fileRef = C32F576F2009AA5D00A8A11A /* NYTBooksUITests.swift */; };
		C32F57842009B15D00A8A11A /* NetworkService.swift in Sources */ = {isa = PBXBuildFile; fileRef = C32F57832009B15D00A8A11A /* NetworkService.swift */; };
		C32F57872009B20F00A8A11A /* Observer.swift in Sources */ = {isa = PBXBuildFile; fileRef = C32F57862009B20F00A8A11A /* Observer.swift */; };
		C32F57892009B6A600A8A11A /* NYTBookService.swift in Sources */ = {isa = PBXBuildFile; fileRef = C32F57882009B6A600A8A11A /* NYTBookService.swift */; };
		C32F578B2009BCD200A8A11A /* NetworkingConstants.swift in Sources */ = {isa = PBXBuildFile; fileRef = C32F578A2009BCD200A8A11A /* NetworkingConstants.swift */; };
		C32F578D2009C01400A8A11A /* NetworkService+Helpers.swift in Sources */ = {isa = PBXBuildFile; fileRef = C32F578C2009C01400A8A11A /* NetworkService+Helpers.swift */; };
		C32F57C9200A1F8100A8A11A /* Book.swift in Sources */ = {isa = PBXBuildFile; fileRef = C32F57C8200A1F8100A8A11A /* Book.swift */; };
/* End PBXBuildFile section */

/* Begin PBXContainerItemProxy section */
		C32F57612009AA5D00A8A11A /* PBXContainerItemProxy */ = {
			isa = PBXContainerItemProxy;
			containerPortal = C32F57442009AA5C00A8A11A /* Project object */;
			proxyType = 1;
			remoteGlobalIDString = C32F574B2009AA5C00A8A11A;
			remoteInfo = NYTBooks;
		};
		C32F576C2009AA5D00A8A11A /* PBXContainerItemProxy */ = {
			isa = PBXContainerItemProxy;
			containerPortal = C32F57442009AA5C00A8A11A /* Project object */;
			proxyType = 1;
			remoteGlobalIDString = C32F574B2009AA5C00A8A11A;
			remoteInfo = NYTBooks;
		};
/* End PBXContainerItemProxy section */

/* Begin PBXFileReference section */
		C32F574C2009AA5C00A8A11A /* NYTBooks.app */ = {isa = PBXFileReference; explicitFileType = wrapper.application; includeInIndex = 0; path = NYTBooks.app; sourceTree = BUILT_PRODUCTS_DIR; };
		C32F574F2009AA5C00A8A11A /* AppDelegate.swift */ = {isa = PBXFileReference; lastKnownFileType = sourcecode.swift; path = AppDelegate.swift; sourceTree = "<group>"; };
		C32F57512009AA5C00A8A11A /* ViewController.swift */ = {isa = PBXFileReference; lastKnownFileType = sourcecode.swift; path = ViewController.swift; sourceTree = "<group>"; };
		C32F57542009AA5C00A8A11A /* Base */ = {isa = PBXFileReference; lastKnownFileType = file.storyboard; name = Base; path = Base.lproj/Main.storyboard; sourceTree = "<group>"; };
		C32F57562009AA5C00A8A11A /* Assets.xcassets */ = {isa = PBXFileReference; lastKnownFileType = folder.assetcatalog; path = Assets.xcassets; sourceTree = "<group>"; };
		C32F57592009AA5C00A8A11A /* Base */ = {isa = PBXFileReference; lastKnownFileType = file.storyboard; name = Base; path = Base.lproj/LaunchScreen.storyboard; sourceTree = "<group>"; };
		C32F575B2009AA5C00A8A11A /* Info.plist */ = {isa = PBXFileReference; lastKnownFileType = text.plist.xml; path = Info.plist; sourceTree = "<group>"; };
		C32F57602009AA5D00A8A11A /* NYTBooksTests.xctest */ = {isa = PBXFileReference; explicitFileType = wrapper.cfbundle; includeInIndex = 0; path = NYTBooksTests.xctest; sourceTree = BUILT_PRODUCTS_DIR; };
		C32F57642009AA5D00A8A11A /* NYTBooksTests.swift */ = {isa = PBXFileReference; lastKnownFileType = sourcecode.swift; path = NYTBooksTests.swift; sourceTree = "<group>"; };
		C32F57662009AA5D00A8A11A /* Info.plist */ = {isa = PBXFileReference; lastKnownFileType = text.plist.xml; path = Info.plist; sourceTree = "<group>"; };
		C32F576B2009AA5D00A8A11A /* NYTBooksUITests.xctest */ = {isa = PBXFileReference; explicitFileType = wrapper.cfbundle; includeInIndex = 0; path = NYTBooksUITests.xctest; sourceTree = BUILT_PRODUCTS_DIR; };
		C32F576F2009AA5D00A8A11A /* NYTBooksUITests.swift */ = {isa = PBXFileReference; lastKnownFileType = sourcecode.swift; path = NYTBooksUITests.swift; sourceTree = "<group>"; };
		C32F57712009AA5D00A8A11A /* Info.plist */ = {isa = PBXFileReference; lastKnownFileType = text.plist.xml; path = Info.plist; sourceTree = "<group>"; };
		C32F57832009B15D00A8A11A /* NetworkService.swift */ = {isa = PBXFileReference; lastKnownFileType = sourcecode.swift; path = NetworkService.swift; sourceTree = "<group>"; };
		C32F57862009B20F00A8A11A /* Observer.swift */ = {isa = PBXFileReference; lastKnownFileType = sourcecode.swift; path = Observer.swift; sourceTree = "<group>"; };
		C32F57882009B6A600A8A11A /* NYTBookService.swift */ = {isa = PBXFileReference; lastKnownFileType = sourcecode.swift; path = NYTBookService.swift; sourceTree = "<group>"; };
		C32F578A2009BCD200A8A11A /* NetworkingConstants.swift */ = {isa = PBXFileReference; lastKnownFileType = sourcecode.swift; path = NetworkingConstants.swift; sourceTree = "<group>"; };
		C32F578C2009C01400A8A11A /* NetworkService+Helpers.swift */ = {isa = PBXFileReference; lastKnownFileType = sourcecode.swift; path = "NetworkService+Helpers.swift"; sourceTree = "<group>"; };
		C32F57C8200A1F8100A8A11A /* Book.swift */ = {isa = PBXFileReference; lastKnownFileType = sourcecode.swift; path = Book.swift; sourceTree = "<group>"; };
/* End PBXFileReference section */

/* Begin PBXFrameworksBuildPhase section */
		C32F57492009AA5C00A8A11A /* Frameworks */ = {
			isa = PBXFrameworksBuildPhase;
			buildActionMask = 2147483647;
			files = (
			);
			runOnlyForDeploymentPostprocessing = 0;
		};
		C32F575D2009AA5D00A8A11A /* Frameworks */ = {
			isa = PBXFrameworksBuildPhase;
			buildActionMask = 2147483647;
			files = (
			);
			runOnlyForDeploymentPostprocessing = 0;
		};
		C32F57682009AA5D00A8A11A /* Frameworks */ = {
			isa = PBXFrameworksBuildPhase;
			buildActionMask = 2147483647;
			files = (
			);
			runOnlyForDeploymentPostprocessing = 0;
		};
/* End PBXFrameworksBuildPhase section */

/* Begin PBXGroup section */
		C32F57432009AA5C00A8A11A = {
			isa = PBXGroup;
			children = (
				C32F574E2009AA5C00A8A11A /* NYTBooks */,
				C32F57632009AA5D00A8A11A /* NYTBooksTests */,
				C32F576E2009AA5D00A8A11A /* NYTBooksUITests */,
				C32F574D2009AA5C00A8A11A /* Products */,
			);
			sourceTree = "<group>";
		};
		C32F574D2009AA5C00A8A11A /* Products */ = {
			isa = PBXGroup;
			children = (
				C32F574C2009AA5C00A8A11A /* NYTBooks.app */,
				C32F57602009AA5D00A8A11A /* NYTBooksTests.xctest */,
				C32F576B2009AA5D00A8A11A /* NYTBooksUITests.xctest */,
			);
			name = Products;
			sourceTree = "<group>";
		};
		C32F574E2009AA5C00A8A11A /* NYTBooks */ = {
			isa = PBXGroup;
			children = (
				C32F57852009B1F900A8A11A /* Observer */,
				C32F57802009AA8A00A8A11A /* Models */,
				C32F577F2009AA8300A8A11A /* Networking */,
				C32F577E2009AA7900A8A11A /* ViewModels */,
				C32F577D2009AA7100A8A11A /* ViewControllers */,
				C32F574F2009AA5C00A8A11A /* AppDelegate.swift */,
				C32F57532009AA5C00A8A11A /* Main.storyboard */,
				C32F57562009AA5C00A8A11A /* Assets.xcassets */,
				C32F57582009AA5C00A8A11A /* LaunchScreen.storyboard */,
				C32F575B2009AA5C00A8A11A /* Info.plist */,
			);
			path = NYTBooks;
			sourceTree = "<group>";
		};
		C32F57632009AA5D00A8A11A /* NYTBooksTests */ = {
			isa = PBXGroup;
			children = (
				C32F57642009AA5D00A8A11A /* NYTBooksTests.swift */,
				C32F57662009AA5D00A8A11A /* Info.plist */,
			);
			path = NYTBooksTests;
			sourceTree = "<group>";
		};
		C32F576E2009AA5D00A8A11A /* NYTBooksUITests */ = {
			isa = PBXGroup;
			children = (
				C32F576F2009AA5D00A8A11A /* NYTBooksUITests.swift */,
				C32F57712009AA5D00A8A11A /* Info.plist */,
			);
			path = NYTBooksUITests;
			sourceTree = "<group>";
		};
		C32F577D2009AA7100A8A11A /* ViewControllers */ = {
			isa = PBXGroup;
			children = (
				C32F57512009AA5C00A8A11A /* ViewController.swift */,
			);
			path = ViewControllers;
			sourceTree = "<group>";
		};
		C32F577E2009AA7900A8A11A /* ViewModels */ = {
			isa = PBXGroup;
			children = (
			);
			path = ViewModels;
			sourceTree = "<group>";
		};
		C32F577F2009AA8300A8A11A /* Networking */ = {
			isa = PBXGroup;
			children = (
				C32F57CA200A1F8C00A8A11A /* Generic */,
				C32F57882009B6A600A8A11A /* NYTBookService.swift */,
				C32F578A2009BCD200A8A11A /* NetworkingConstants.swift */,
			);
			path = Networking;
			sourceTree = "<group>";
		};
		C32F57802009AA8A00A8A11A /* Models */ = {
			isa = PBXGroup;
			children = (
				C32F57C8200A1F8100A8A11A /* Book.swift */,
			);
			path = Models;
			sourceTree = "<group>";
		};
		C32F57852009B1F900A8A11A /* Observer */ = {
			isa = PBXGroup;
			children = (
				C32F57862009B20F00A8A11A /* Observer.swift */,
			);
			path = Observer;
			sourceTree = "<group>";
		};
		C32F57CA200A1F8C00A8A11A /* Generic */ = {
			isa = PBXGroup;
			children = (
				C32F57832009B15D00A8A11A /* NetworkService.swift */,
				C32F578C2009C01400A8A11A /* NetworkService+Helpers.swift */,
			);
			path = Generic;
			sourceTree = "<group>";
		};
/* End PBXGroup section */

/* Begin PBXNativeTarget section */
		C32F574B2009AA5C00A8A11A /* NYTBooks */ = {
			isa = PBXNativeTarget;
			buildConfigurationList = C32F57742009AA5D00A8A11A /* Build configuration list for PBXNativeTarget "NYTBooks" */;
			buildPhases = (
				C32F57482009AA5C00A8A11A /* Sources */,
				C32F57492009AA5C00A8A11A /* Frameworks */,
				C32F574A2009AA5C00A8A11A /* Resources */,
			);
			buildRules = (
			);
			dependencies = (
			);
			name = NYTBooks;
			productName = NYTBooks;
			productReference = C32F574C2009AA5C00A8A11A /* NYTBooks.app */;
			productType = "com.apple.product-type.application";
		};
		C32F575F2009AA5D00A8A11A /* NYTBooksTests */ = {
			isa = PBXNativeTarget;
			buildConfigurationList = C32F57772009AA5D00A8A11A /* Build configuration list for PBXNativeTarget "NYTBooksTests" */;
			buildPhases = (
				C32F575C2009AA5D00A8A11A /* Sources */,
				C32F575D2009AA5D00A8A11A /* Frameworks */,
				C32F575E2009AA5D00A8A11A /* Resources */,
			);
			buildRules = (
			);
			dependencies = (
				C32F57622009AA5D00A8A11A /* PBXTargetDependency */,
			);
			name = NYTBooksTests;
			productName = NYTBooksTests;
			productReference = C32F57602009AA5D00A8A11A /* NYTBooksTests.xctest */;
			productType = "com.apple.product-type.bundle.unit-test";
		};
		C32F576A2009AA5D00A8A11A /* NYTBooksUITests */ = {
			isa = PBXNativeTarget;
			buildConfigurationList = C32F577A2009AA5D00A8A11A /* Build configuration list for PBXNativeTarget "NYTBooksUITests" */;
			buildPhases = (
				C32F57672009AA5D00A8A11A /* Sources */,
				C32F57682009AA5D00A8A11A /* Frameworks */,
				C32F57692009AA5D00A8A11A /* Resources */,
			);
			buildRules = (
			);
			dependencies = (
				C32F576D2009AA5D00A8A11A /* PBXTargetDependency */,
			);
			name = NYTBooksUITests;
			productName = NYTBooksUITests;
			productReference = C32F576B2009AA5D00A8A11A /* NYTBooksUITests.xctest */;
			productType = "com.apple.product-type.bundle.ui-testing";
		};
/* End PBXNativeTarget section */

/* Begin PBXProject section */
		C32F57442009AA5C00A8A11A /* Project object */ = {
			isa = PBXProject;
			attributes = {
				LastSwiftUpdateCheck = 0920;
				LastUpgradeCheck = 0920;
				ORGANIZATIONNAME = "Wasan, Sahil";
				TargetAttributes = {
					C32F574B2009AA5C00A8A11A = {
						CreatedOnToolsVersion = 9.2;
						ProvisioningStyle = Automatic;
					};
					C32F575F2009AA5D00A8A11A = {
						CreatedOnToolsVersion = 9.2;
						ProvisioningStyle = Automatic;
						TestTargetID = C32F574B2009AA5C00A8A11A;
					};
					C32F576A2009AA5D00A8A11A = {
						CreatedOnToolsVersion = 9.2;
						ProvisioningStyle = Automatic;
						TestTargetID = C32F574B2009AA5C00A8A11A;
					};
				};
			};
			buildConfigurationList = C32F57472009AA5C00A8A11A /* Build configuration list for PBXProject "NYTBooks" */;
			compatibilityVersion = "Xcode 8.0";
			developmentRegion = en;
			hasScannedForEncodings = 0;
			knownRegions = (
				en,
				Base,
			);
			mainGroup = C32F57432009AA5C00A8A11A;
			productRefGroup = C32F574D2009AA5C00A8A11A /* Products */;
			projectDirPath = "";
			projectRoot = "";
			targets = (
				C32F574B2009AA5C00A8A11A /* NYTBooks */,
				C32F575F2009AA5D00A8A11A /* NYTBooksTests */,
				C32F576A2009AA5D00A8A11A /* NYTBooksUITests */,
			);
		};
/* End PBXProject section */

/* Begin PBXResourcesBuildPhase section */
		C32F574A2009AA5C00A8A11A /* Resources */ = {
			isa = PBXResourcesBuildPhase;
			buildActionMask = 2147483647;
			files = (
				C32F575A2009AA5C00A8A11A /* LaunchScreen.storyboard in Resources */,
				C32F57572009AA5C00A8A11A /* Assets.xcassets in Resources */,
				C32F57552009AA5C00A8A11A /* Main.storyboard in Resources */,
			);
			runOnlyForDeploymentPostprocessing = 0;
		};
		C32F575E2009AA5D00A8A11A /* Resources */ = {
			isa = PBXResourcesBuildPhase;
			buildActionMask = 2147483647;
			files = (
			);
			runOnlyForDeploymentPostprocessing = 0;
		};
		C32F57692009AA5D00A8A11A /* Resources */ = {
			isa = PBXResourcesBuildPhase;
			buildActionMask = 2147483647;
			files = (
			);
			runOnlyForDeploymentPostprocessing = 0;
		};
/* End PBXResourcesBuildPhase section */

/* Begin PBXSourcesBuildPhase section */
		C32F57482009AA5C00A8A11A /* Sources */ = {
			isa = PBXSourcesBuildPhase;
			buildActionMask = 2147483647;
			files = (
				C32F57C9200A1F8100A8A11A /* Book.swift in Sources */,
				C32F57522009AA5C00A8A11A /* ViewController.swift in Sources */,
				C32F57892009B6A600A8A11A /* NYTBookService.swift in Sources */,
				C32F578D2009C01400A8A11A /* NetworkService+Helpers.swift in Sources */,
				C32F57872009B20F00A8A11A /* Observer.swift in Sources */,
				C32F57842009B15D00A8A11A /* NetworkService.swift in Sources */,
				C32F57502009AA5C00A8A11A /* AppDelegate.swift in Sources */,
				C32F578B2009BCD200A8A11A /* NetworkingConstants.swift in Sources */,
			);
			runOnlyForDeploymentPostprocessing = 0;
		};
		C32F575C2009AA5D00A8A11A /* Sources */ = {
			isa = PBXSourcesBuildPhase;
			buildActionMask = 2147483647;
			files = (
				C32F57652009AA5D00A8A11A /* NYTBooksTests.swift in Sources */,
			);
			runOnlyForDeploymentPostprocessing = 0;
		};
		C32F57672009AA5D00A8A11A /* Sources */ = {
			isa = PBXSourcesBuildPhase;
			buildActionMask = 2147483647;
			files = (
				C32F57702009AA5D00A8A11A /* NYTBooksUITests.swift in Sources */,
			);
			runOnlyForDeploymentPostprocessing = 0;
		};
/* End PBXSourcesBuildPhase section */

/* Begin PBXTargetDependency section */
		C32F57622009AA5D00A8A11A /* PBXTargetDependency */ = {
			isa = PBXTargetDependency;
			target = C32F574B2009AA5C00A8A11A /* NYTBooks */;
			targetProxy = C32F57612009AA5D00A8A11A /* PBXContainerItemProxy */;
		};
		C32F576D2009AA5D00A8A11A /* PBXTargetDependency */ = {
			isa = PBXTargetDependency;
			target = C32F574B2009AA5C00A8A11A /* NYTBooks */;
			targetProxy = C32F576C2009AA5D00A8A11A /* PBXContainerItemProxy */;
		};
/* End PBXTargetDependency section */

/* Begin PBXVariantGroup section */
		C32F57532009AA5C00A8A11A /* Main.storyboard */ = {
			isa = PBXVariantGroup;
			children = (
				C32F57542009AA5C00A8A11A /* Base */,
			);
			name = Main.storyboard;
			sourceTree = "<group>";
		};
		C32F57582009AA5C00A8A11A /* LaunchScreen.storyboard */ = {
			isa = PBXVariantGroup;
			children = (
				C32F57592009AA5C00A8A11A /* Base */,
			);
			name = LaunchScreen.storyboard;
			sourceTree = "<group>";
		};
/* End PBXVariantGroup section */

/* Begin XCBuildConfiguration section */
		C32F57722009AA5D00A8A11A /* Debug */ = {
			isa = XCBuildConfiguration;
			buildSettings = {
				ALWAYS_SEARCH_USER_PATHS = NO;
				CLANG_ANALYZER_NONNULL = YES;
				CLANG_ANALYZER_NUMBER_OBJECT_CONVERSION = YES_AGGRESSIVE;
				CLANG_CXX_LANGUAGE_STANDARD = "gnu++14";
				CLANG_CXX_LIBRARY = "libc++";
				CLANG_ENABLE_MODULES = YES;
				CLANG_ENABLE_OBJC_ARC = YES;
				CLANG_WARN_BLOCK_CAPTURE_AUTORELEASING = YES;
				CLANG_WARN_BOOL_CONVERSION = YES;
				CLANG_WARN_COMMA = YES;
				CLANG_WARN_CONSTANT_CONVERSION = YES;
				CLANG_WARN_DIRECT_OBJC_ISA_USAGE = YES_ERROR;
				CLANG_WARN_DOCUMENTATION_COMMENTS = YES;
				CLANG_WARN_EMPTY_BODY = YES;
				CLANG_WARN_ENUM_CONVERSION = YES;
				CLANG_WARN_INFINITE_RECURSION = YES;
				CLANG_WARN_INT_CONVERSION = YES;
				CLANG_WARN_NON_LITERAL_NULL_CONVERSION = YES;
				CLANG_WARN_OBJC_LITERAL_CONVERSION = YES;
				CLANG_WARN_OBJC_ROOT_CLASS = YES_ERROR;
				CLANG_WARN_RANGE_LOOP_ANALYSIS = YES;
				CLANG_WARN_STRICT_PROTOTYPES = YES;
				CLANG_WARN_SUSPICIOUS_MOVE = YES;
				CLANG_WARN_UNGUARDED_AVAILABILITY = YES_AGGRESSIVE;
				CLANG_WARN_UNREACHABLE_CODE = YES;
				CLANG_WARN__DUPLICATE_METHOD_MATCH = YES;
				CODE_SIGN_IDENTITY = "iPhone Developer";
				COPY_PHASE_STRIP = NO;
				DEBUG_INFORMATION_FORMAT = dwarf;
				ENABLE_STRICT_OBJC_MSGSEND = YES;
				ENABLE_TESTABILITY = YES;
				GCC_C_LANGUAGE_STANDARD = gnu11;
				GCC_DYNAMIC_NO_PIC = NO;
				GCC_NO_COMMON_BLOCKS = YES;
				GCC_OPTIMIZATION_LEVEL = 0;
				GCC_PREPROCESSOR_DEFINITIONS = (
					"DEBUG=1",
					"$(inherited)",
				);
				GCC_WARN_64_TO_32_BIT_CONVERSION = YES;
				GCC_WARN_ABOUT_RETURN_TYPE = YES_ERROR;
				GCC_WARN_UNDECLARED_SELECTOR = YES;
				GCC_WARN_UNINITIALIZED_AUTOS = YES_AGGRESSIVE;
				GCC_WARN_UNUSED_FUNCTION = YES;
				GCC_WARN_UNUSED_VARIABLE = YES;
				IPHONEOS_DEPLOYMENT_TARGET = 11.2;
				MTL_ENABLE_DEBUG_INFO = YES;
				ONLY_ACTIVE_ARCH = YES;
				SDKROOT = iphoneos;
				SWIFT_ACTIVE_COMPILATION_CONDITIONS = DEBUG;
				SWIFT_OPTIMIZATION_LEVEL = "-Onone";
			};
			name = Debug;
		};
		C32F57732009AA5D00A8A11A /* Release */ = {
			isa = XCBuildConfiguration;
			buildSettings = {
				ALWAYS_SEARCH_USER_PATHS = NO;
				CLANG_ANALYZER_NONNULL = YES;
				CLANG_ANALYZER_NUMBER_OBJECT_CONVERSION = YES_AGGRESSIVE;
				CLANG_CXX_LANGUAGE_STANDARD = "gnu++14";
				CLANG_CXX_LIBRARY = "libc++";
				CLANG_ENABLE_MODULES = YES;
				CLANG_ENABLE_OBJC_ARC = YES;
				CLANG_WARN_BLOCK_CAPTURE_AUTORELEASING = YES;
				CLANG_WARN_BOOL_CONVERSION = YES;
				CLANG_WARN_COMMA = YES;
				CLANG_WARN_CONSTANT_CONVERSION = YES;
				CLANG_WARN_DIRECT_OBJC_ISA_USAGE = YES_ERROR;
				CLANG_WARN_DOCUMENTATION_COMMENTS = YES;
				CLANG_WARN_EMPTY_BODY = YES;
				CLANG_WARN_ENUM_CONVERSION = YES;
				CLANG_WARN_INFINITE_RECURSION = YES;
				CLANG_WARN_INT_CONVERSION = YES;
				CLANG_WARN_NON_LITERAL_NULL_CONVERSION = YES;
				CLANG_WARN_OBJC_LITERAL_CONVERSION = YES;
				CLANG_WARN_OBJC_ROOT_CLASS = YES_ERROR;
				CLANG_WARN_RANGE_LOOP_ANALYSIS = YES;
				CLANG_WARN_STRICT_PROTOTYPES = YES;
				CLANG_WARN_SUSPICIOUS_MOVE = YES;
				CLANG_WARN_UNGUARDED_AVAILABILITY = YES_AGGRESSIVE;
				CLANG_WARN_UNREACHABLE_CODE = YES;
				CLANG_WARN__DUPLICATE_METHOD_MATCH = YES;
				CODE_SIGN_IDENTITY = "iPhone Developer";
				COPY_PHASE_STRIP = NO;
				DEBUG_INFORMATION_FORMAT = "dwarf-with-dsym";
				ENABLE_NS_ASSERTIONS = NO;
				ENABLE_STRICT_OBJC_MSGSEND = YES;
				GCC_C_LANGUAGE_STANDARD = gnu11;
				GCC_NO_COMMON_BLOCKS = YES;
				GCC_WARN_64_TO_32_BIT_CONVERSION = YES;
				GCC_WARN_ABOUT_RETURN_TYPE = YES_ERROR;
				GCC_WARN_UNDECLARED_SELECTOR = YES;
				GCC_WARN_UNINITIALIZED_AUTOS = YES_AGGRESSIVE;
				GCC_WARN_UNUSED_FUNCTION = YES;
				GCC_WARN_UNUSED_VARIABLE = YES;
				IPHONEOS_DEPLOYMENT_TARGET = 11.2;
				MTL_ENABLE_DEBUG_INFO = NO;
				SDKROOT = iphoneos;
				SWIFT_OPTIMIZATION_LEVEL = "-Owholemodule";
				VALIDATE_PRODUCT = YES;
			};
			name = Release;
		};
		C32F57752009AA5D00A8A11A /* Debug */ = {
			isa = XCBuildConfiguration;
			buildSettings = {
				ASSETCATALOG_COMPILER_APPICON_NAME = AppIcon;
				CODE_SIGN_STYLE = Automatic;
				INFOPLIST_FILE = NYTBooks/Info.plist;
				LD_RUNPATH_SEARCH_PATHS = "$(inherited) @executable_path/Frameworks";
				PRODUCT_BUNDLE_IDENTIFIER = com.test.NYTBooks;
				PRODUCT_NAME = "$(TARGET_NAME)";
				SWIFT_VERSION = 4.0;
				TARGETED_DEVICE_FAMILY = "1,2";
			};
			name = Debug;
		};
		C32F57762009AA5D00A8A11A /* Release */ = {
			isa = XCBuildConfiguration;
			buildSettings = {
				ASSETCATALOG_COMPILER_APPICON_NAME = AppIcon;
				CODE_SIGN_STYLE = Automatic;
				INFOPLIST_FILE = NYTBooks/Info.plist;
				LD_RUNPATH_SEARCH_PATHS = "$(inherited) @executable_path/Frameworks";
				PRODUCT_BUNDLE_IDENTIFIER = com.test.NYTBooks;
				PRODUCT_NAME = "$(TARGET_NAME)";
				SWIFT_VERSION = 4.0;
				TARGETED_DEVICE_FAMILY = "1,2";
			};
			name = Release;
		};
		C32F57782009AA5D00A8A11A /* Debug */ = {
			isa = XCBuildConfiguration;
			buildSettings = {
				ALWAYS_EMBED_SWIFT_STANDARD_LIBRARIES = YES;
				BUNDLE_LOADER = "$(TEST_HOST)";
				CODE_SIGN_STYLE = Automatic;
				INFOPLIST_FILE = NYTBooksTests/Info.plist;
				LD_RUNPATH_SEARCH_PATHS = "$(inherited) @executable_path/Frameworks @loader_path/Frameworks";
				PRODUCT_BUNDLE_IDENTIFIER = com.test.NYTBooksTests;
				PRODUCT_NAME = "$(TARGET_NAME)";
				SWIFT_VERSION = 4.0;
				TARGETED_DEVICE_FAMILY = "1,2";
				TEST_HOST = "$(BUILT_PRODUCTS_DIR)/NYTBooks.app/NYTBooks";
			};
			name = Debug;
		};
		C32F57792009AA5D00A8A11A /* Release */ = {
			isa = XCBuildConfiguration;
			buildSettings = {
				ALWAYS_EMBED_SWIFT_STANDARD_LIBRARIES = YES;
				BUNDLE_LOADER = "$(TEST_HOST)";
				CODE_SIGN_STYLE = Automatic;
				INFOPLIST_FILE = NYTBooksTests/Info.plist;
				LD_RUNPATH_SEARCH_PATHS = "$(inherited) @executable_path/Frameworks @loader_path/Frameworks";
				PRODUCT_BUNDLE_IDENTIFIER = com.test.NYTBooksTests;
				PRODUCT_NAME = "$(TARGET_NAME)";
				SWIFT_VERSION = 4.0;
				TARGETED_DEVICE_FAMILY = "1,2";
				TEST_HOST = "$(BUILT_PRODUCTS_DIR)/NYTBooks.app/NYTBooks";
			};
			name = Release;
		};
		C32F577B2009AA5D00A8A11A /* Debug */ = {
			isa = XCBuildConfiguration;
			buildSettings = {
				ALWAYS_EMBED_SWIFT_STANDARD_LIBRARIES = YES;
				CODE_SIGN_STYLE = Automatic;
				INFOPLIST_FILE = NYTBooksUITests/Info.plist;
				LD_RUNPATH_SEARCH_PATHS = "$(inherited) @executable_path/Frameworks @loader_path/Frameworks";
				PRODUCT_BUNDLE_IDENTIFIER = com.test.NYTBooksUITests;
				PRODUCT_NAME = "$(TARGET_NAME)";
				SWIFT_VERSION = 4.0;
				TARGETED_DEVICE_FAMILY = "1,2";
				TEST_TARGET_NAME = NYTBooks;
			};
			name = Debug;
		};
		C32F577C2009AA5D00A8A11A /* Release */ = {
			isa = XCBuildConfiguration;
			buildSettings = {
				ALWAYS_EMBED_SWIFT_STANDARD_LIBRARIES = YES;
				CODE_SIGN_STYLE = Automatic;
				INFOPLIST_FILE = NYTBooksUITests/Info.plist;
				LD_RUNPATH_SEARCH_PATHS = "$(inherited) @executable_path/Frameworks @loader_path/Frameworks";
				PRODUCT_BUNDLE_IDENTIFIER = com.test.NYTBooksUITests;
				PRODUCT_NAME = "$(TARGET_NAME)";
				SWIFT_VERSION = 4.0;
				TARGETED_DEVICE_FAMILY = "1,2";
				TEST_TARGET_NAME = NYTBooks;
			};
			name = Release;
		};
/* End XCBuildConfiguration section */

/* Begin XCConfigurationList section */
		C32F57472009AA5C00A8A11A /* Build configuration list for PBXProject "NYTBooks" */ = {
			isa = XCConfigurationList;
			buildConfigurations = (
				C32F57722009AA5D00A8A11A /* Debug */,
				C32F57732009AA5D00A8A11A /* Release */,
			);
			defaultConfigurationIsVisible = 0;
			defaultConfigurationName = Release;
		};
		C32F57742009AA5D00A8A11A /* Build configuration list for PBXNativeTarget "NYTBooks" */ = {
			isa = XCConfigurationList;
			buildConfigurations = (
				C32F57752009AA5D00A8A11A /* Debug */,
				C32F57762009AA5D00A8A11A /* Release */,
			);
			defaultConfigurationIsVisible = 0;
			defaultConfigurationName = Release;
		};
		C32F57772009AA5D00A8A11A /* Build configuration list for PBXNativeTarget "NYTBooksTests" */ = {
			isa = XCConfigurationList;
			buildConfigurations = (
				C32F57782009AA5D00A8A11A /* Debug */,
				C32F57792009AA5D00A8A11A /* Release */,
			);
			defaultConfigurationIsVisible = 0;
			defaultConfigurationName = Release;
		};
		C32F577A2009AA5D00A8A11A /* Build configuration list for PBXNativeTarget "NYTBooksUITests" */ = {
			isa = XCConfigurationList;
			buildConfigurations = (
				C32F577B2009AA5D00A8A11A /* Debug */,
				C32F577C2009AA5D00A8A11A /* Release */,
			);
			defaultConfigurationIsVisible = 0;
			defaultConfigurationName = Release;
		};
/* End XCConfigurationList section */
	};
	rootObject = C32F57442009AA5C00A8A11A /* Project object */;
}
